<Solution>
  <Configurations>
    <Platform Name="ARM64" />
    <Platform Name="x64" />
    <Platform Name="x86" />
  </Configurations>
  <Folder Name="/Docs/">
    <File Path="LICENSE.txt" />
    <File Path="prd.md" />
    <File Path="README.md" />
  </Folder>
  <Folder Name="/Docs/TechSpecs/">
    <File Path="GameHelperArchitecture.md" />
  </Folder>
  <Project Path="GameHelper/GameHelper.csproj">
    <Platform Solution="*|ARM64" Project="ARM64" />
    <Platform Solution="*|x64" Project="x64" />
    <Platform Solution="*|x86" Project="x86" />
    <Deploy />
  </Project>
  <Project Path="HookLib/HookLib.csproj" Id="ddd1012d-14ff-4955-ac7d-aad14ceb2d24" />
  <Project Path="GameHelper.Core/GameHelper.Core.csproj" />
  <Project Path="GameHelper.Tests/GameHelper.Tests.csproj" />
</Solution>
